
Microsoft Visual Studio Solution File, Format Version 12.00
# Visual Studio Version 16
VisualStudioVersion = 16.0.29215.179
MinimumVisualStudioVersion = 10.0.40219.1
Project("{8BC9CEB8-8B4A-11D0-8D11-00A0C91BC942}") = "lesson50", "lesson50\lesson50.vcxproj", "{A136C8E6-D853-4DF8-A41F-E687A5958DFE}"
EndProject
Global
	GlobalSection(SolutionConfigurationPlatforms) = preSolution
		Debug|x64 = Debug|x64
		Debug|x86 = Debug|x86
		Release|x64 = Release|x64
		Release|x86 = Release|x86
	EndGlobalSection
	GlobalSection(ProjectConfigurationPlatforms) = postSolution
		{A136C8E6-D853-4DF8-A41F-E687A5958DFE}.Debug|x64.ActiveCfg = Debug|x64
		{A136C8E6-D853-4DF8-A41F-E687A5958DFE}.Debug|x64.Build.0 = Debug|x64
		{A136C8E6-D853-4DF8-A41F-E687A5958DFE}.Debug|x86.ActiveCfg = Debug|Win32
		{A136C8E6-D853-4DF8-A41F-E687A5958DFE}.Debug|x86.Build.0 = Debug|Win32
		{A136C8E6-D853-4DF8-A41F-E687A5958DFE}.Release|x64.ActiveCfg = Release|x64
		{A136C8E6-D853-4DF8-A41F-E687A5958DFE}.Release|x64.Build.0 = Release|x64
		{A136C8E6-D853-4DF8-A41F-E687A5958DFE}.Release|x86.ActiveCfg = Release|Win32
		{A136C8E6-D853-4DF8-A41F-E687A5958DFE}.Release|x86.Build.0 = Release|Win32
	EndGlobalSection
	GlobalSection(SolutionProperties) = preSolution
		HideSolutionNode = FALSE
	EndGlobalSection
	GlobalSection(ExtensibilityGlobals) = postSolution
		SolutionGuid = {7BB22022-D74F-4465-8E9F-48E295D17E69}
	EndGlobalSection
EndGlobal
